// !$*UTF8*$!
{
	archiveVersion = 1;
	classes = {
	};
	objectVersion = 56;
	objects = {

/* Begin PBXBuildFile section */
		A55B992B2C7F8364000D5E3D /* AppDelegate.swift in Sources */ = {isa = PBXBuildFile; fileRef = A55B992A2C7F8364000D5E3D /* AppDelegate.swift */; };
		A55B992D2C7F8364000D5E3D /* SceneDelegate.swift in Sources */ = {isa = PBXBuildFile; fileRef = A55B992C2C7F8364000D5E3D /* SceneDelegate.swift */; };
		A55B992F2C7F8364000D5E3D /* ViewController.swift in Sources */ = {isa = PBXBuildFile; fileRef = A55B992E2C7F8364000D5E3D /* ViewController.swift */; };
		A55B99322C7F8364000D5E3D /* Base in Resources */ = {isa = PBXBuildFile; fileRef = A55B99312C7F8364000D5E3D /* Base */; };
		A55B99342C7F8366000D5E3D /* Assets.xcassets in Resources */ = {isa = PBXBuildFile; fileRef = A55B99332C7F8366000D5E3D /* Assets.xcassets */; };
		A55B99372C7F8366000D5E3D /* Base in Resources */ = {isa = PBXBuildFile; fileRef = A55B99362C7F8366000D5E3D /* Base */; };
		A55B99422C7F8366000D5E3D /* ST_AppleNewsTests.swift in Sources */ = {isa = PBXBuildFile; fileRef = A55B99412C7F8366000D5E3D /* ST_AppleNewsTests.swift */; };
		A55B994C2C7F8366000D5E3D /* ST_AppleNewsUITests.swift in Sources */ = {isa = PBXBuildFile; fileRef = A55B994B2C7F8366000D5E3D /* ST_AppleNewsUITests.swift */; };
		A55B994E2C7F8366000D5E3D /* ST_AppleNewsUITestsLaunchTests.swift in Sources */ = {isa = PBXBuildFile; fileRef = A55B994D2C7F8366000D5E3D /* ST_AppleNewsUITestsLaunchTests.swift */; };
/* End PBXBuildFile section */

/* Begin PBXContainerItemProxy section */
		A55B993E2C7F8366000D5E3D /* PBXContainerItemProxy */ = {
			isa = PBXContainerItemProxy;
			containerPortal = A55B991F2C7F8364000D5E3D /* Project object */;
			proxyType = 1;
			remoteGlobalIDString = A55B99262C7F8364000D5E3D;
			remoteInfo = "ST-AppleNews";
		};
		A55B99482C7F8366000D5E3D /* PBXContainerItemProxy */ = {
			isa = PBXContainerItemProxy;
			containerPortal = A55B991F2C7F8364000D5E3D /* Project object */;
			proxyType = 1;
			remoteGlobalIDString = A55B99262C7F8364000D5E3D;
			remoteInfo = "ST-AppleNews";
		};
/* End PBXContainerItemProxy section */

/* Begin PBXFileReference section */
		A55B99272C7F8364000D5E3D /* ST-AppleNews.app */ = {isa = PBXFileReference; explicitFileType = wrapper.application; includeInIndex = 0; path = "ST-AppleNews.app"; sourceTree = BUILT_PRODUCTS_DIR; };
		A55B992A2C7F8364000D5E3D /* AppDelegate.swift */ = {isa = PBXFileReference; lastKnownFileType = sourcecode.swift; path = AppDelegate.swift; sourceTree = "<group>"; };
		A55B992C2C7F8364000D5E3D /* SceneDelegate.swift */ = {isa = PBXFileReference; lastKnownFileType = sourcecode.swift; path = SceneDelegate.swift; sourceTree = "<group>"; };
		A55B992E2C7F8364000D5E3D /* ViewController.swift */ = {isa = PBXFileReference; lastKnownFileType = sourcecode.swift; path = ViewController.swift; sourceTree = "<group>"; };
		A55B99312C7F8364000D5E3D /* Base */ = {isa = PBXFileReference; lastKnownFileType = file.storyboard; name = Base; path = Base.lproj/Main.storyboard; sourceTree = "<group>"; };
		A55B99332C7F8366000D5E3D /* Assets.xcassets */ = {isa = PBXFileReference; lastKnownFileType = folder.assetcatalog; path = Assets.xcassets; sourceTree = "<group>"; };
		A55B99362C7F8366000D5E3D /* Base */ = {isa = PBXFileReference; lastKnownFileType = file.storyboard; name = Base; path = Base.lproj/LaunchScreen.storyboard; sourceTree = "<group>"; };
		A55B99382C7F8366000D5E3D /* Info.plist */ = {isa = PBXFileReference; lastKnownFileType = text.plist.xml; path = Info.plist; sourceTree = "<group>"; };
		A55B993D2C7F8366000D5E3D /* ST-AppleNewsTests.xctest */ = {isa = PBXFileReference; explicitFileType = wrapper.cfbundle; includeInIndex = 0; path = "ST-AppleNewsTests.xctest"; sourceTree = BUILT_PRODUCTS_DIR; };
		A55B99412C7F8366000D5E3D /* ST_AppleNewsTests.swift */ = {isa = PBXFileReference; lastKnownFileType = sourcecode.swift; path = ST_AppleNewsTests.swift; sourceTree = "<group>"; };
		A55B99472C7F8366000D5E3D /* ST-AppleNewsUITests.xctest */ = {isa = PBXFileReference; explicitFileType = wrapper.cfbundle; includeInIndex = 0; path = "ST-AppleNewsUITests.xctest"; sourceTree = BUILT_PRODUCTS_DIR; };
		A55B994B2C7F8366000D5E3D /* ST_AppleNewsUITests.swift */ = {isa = PBXFileReference; lastKnownFileType = sourcecode.swift; path = ST_AppleNewsUITests.swift; sourceTree = "<group>"; };
		A55B994D2C7F8366000D5E3D /* ST_AppleNewsUITestsLaunchTests.swift */ = {isa = PBXFileReference; lastKnownFileType = sourcecode.swift; path = ST_AppleNewsUITestsLaunchTests.swift; sourceTree = "<group>"; };
/* End PBXFileReference section */

/* Begin PBXFrameworksBuildPhase section */
		A55B99242C7F8364000D5E3D /* Frameworks */ = {
			isa = PBXFrameworksBuildPhase;
			buildActionMask = 2147483647;
			files = (
			);
			runOnlyForDeploymentPostprocessing = 0;
		};
		A55B993A2C7F8366000D5E3D /* Frameworks */ = {
			isa = PBXFrameworksBuildPhase;
			buildActionMask = 2147483647;
			files = (
			);
			runOnlyForDeploymentPostprocessing = 0;
		};
		A55B99442C7F8366000D5E3D /* Frameworks */ = {
			isa = PBXFrameworksBuildPhase;
			buildActionMask = 2147483647;
			files = (
			);
			runOnlyForDeploymentPostprocessing = 0;
		};
/* End PBXFrameworksBuildPhase section */

/* Begin PBXGroup section */
		A55B991E2C7F8364000D5E3D = {
			isa = PBXGroup;
			children = (
				A55B99292C7F8364000D5E3D /* ST-AppleNews */,
				A55B99402C7F8366000D5E3D /* ST-AppleNewsTests */,
				A55B994A2C7F8366000D5E3D /* ST-AppleNewsUITests */,
				A55B99282C7F8364000D5E3D /* Products */,
			);
			sourceTree = "<group>";
		};
		A55B99282C7F8364000D5E3D /* Products */ = {
			isa = PBXGroup;
			children = (
				A55B99272C7F8364000D5E3D /* ST-AppleNews.app */,
				A55B993D2C7F8366000D5E3D /* ST-AppleNewsTests.xctest */,
				A55B99472C7F8366000D5E3D /* ST-AppleNewsUITests.xctest */,
			);
			name = Products;
			sourceTree = "<group>";
		};
		A55B99292C7F8364000D5E3D /* ST-AppleNews */ = {
			isa = PBXGroup;
			children = (
				A55B992A2C7F8364000D5E3D /* AppDelegate.swift */,
				A55B992C2C7F8364000D5E3D /* SceneDelegate.swift */,
				A55B992E2C7F8364000D5E3D /* ViewController.swift */,
				A55B99302C7F8364000D5E3D /* Main.storyboard */,
				A55B99332C7F8366000D5E3D /* Assets.xcassets */,
				A55B99352C7F8366000D5E3D /* LaunchScreen.storyboard */,
				A55B99382C7F8366000D5E3D /* Info.plist */,
			);
			path = "ST-AppleNews";
			sourceTree = "<group>";
		};
		A55B99402C7F8366000D5E3D /* ST-AppleNewsTests */ = {
			isa = PBXGroup;
			children = (
				A55B99412C7F8366000D5E3D /* ST_AppleNewsTests.swift */,
			);
			path = "ST-AppleNewsTests";
			sourceTree = "<group>";
		};
		A55B994A2C7F8366000D5E3D /* ST-AppleNewsUITests */ = {
			isa = PBXGroup;
			children = (
				A55B994B2C7F8366000D5E3D /* ST_AppleNewsUITests.swift */,
				A55B994D2C7F8366000D5E3D /* ST_AppleNewsUITestsLaunchTests.swift */,
			);
			path = "ST-AppleNewsUITests";
			sourceTree = "<group>";
		};
/* End PBXGroup section */

/* Begin PBXNativeTarget section */
		A55B99262C7F8364000D5E3D /* ST-AppleNews */ = {
			isa = PBXNativeTarget;
			buildConfigurationList = A55B99512C7F8366000D5E3D /* Build configuration list for PBXNativeTarget "ST-AppleNews" */;
			buildPhases = (
				A55B99232C7F8364000D5E3D /* Sources */,
				A55B99242C7F8364000D5E3D /* Frameworks */,
				A55B99252C7F8364000D5E3D /* Resources */,
			);
			buildRules = (
			);
			dependencies = (
			);
			name = "ST-AppleNews";
			productName = "ST-AppleNews";
			productReference = A55B99272C7F8364000D5E3D /* ST-AppleNews.app */;
			productType = "com.apple.product-type.application";
		};
		A55B993C2C7F8366000D5E3D /* ST-AppleNewsTests */ = {
			isa = PBXNativeTarget;
			buildConfigurationList = A55B99542C7F8366000D5E3D /* Build configuration list for PBXNativeTarget "ST-AppleNewsTests" */;
			buildPhases = (
				A55B99392C7F8366000D5E3D /* Sources */,
				A55B993A2C7F8366000D5E3D /* Frameworks */,
				A55B993B2C7F8366000D5E3D /* Resources */,
			);
			buildRules = (
			);
			dependencies = (
				A55B993F2C7F8366000D5E3D /* PBXTargetDependency */,
			);
			name = "ST-AppleNewsTests";
			productName = "ST-AppleNewsTests";
			productReference = A55B993D2C7F8366000D5E3D /* ST-AppleNewsTests.xctest */;
			productType = "com.apple.product-type.bundle.unit-test";
		};
		A55B99462C7F8366000D5E3D /* ST-AppleNewsUITests */ = {
			isa = PBXNativeTarget;
			buildConfigurationList = A55B99572C7F8366000D5E3D /* Build configuration list for PBXNativeTarget "ST-AppleNewsUITests" */;
			buildPhases = (
				A55B99432C7F8366000D5E3D /* Sources */,
				A55B99442C7F8366000D5E3D /* Frameworks */,
				A55B99452C7F8366000D5E3D /* Resources */,
			);
			buildRules = (
			);
			dependencies = (
				A55B99492C7F8366000D5E3D /* PBXTargetDependency */,
			);
			name = "ST-AppleNewsUITests";
			productName = "ST-AppleNewsUITests";
			productReference = A55B99472C7F8366000D5E3D /* ST-AppleNewsUITests.xctest */;
			productType = "com.apple.product-type.bundle.ui-testing";
		};
/* End PBXNativeTarget section */

/* Begin PBXProject section */
		A55B991F2C7F8364000D5E3D /* Project object */ = {
			isa = PBXProject;
			attributes = {
				BuildIndependentTargetsInParallel = 1;
				LastSwiftUpdateCheck = 1540;
				LastUpgradeCheck = 1540;
				TargetAttributes = {
					A55B99262C7F8364000D5E3D = {
						CreatedOnToolsVersion = 15.4;
					};
					A55B993C2C7F8366000D5E3D = {
						CreatedOnToolsVersion = 15.4;
						TestTargetID = A55B99262C7F8364000D5E3D;
					};
					A55B99462C7F8366000D5E3D = {
						CreatedOnToolsVersion = 15.4;
						TestTargetID = A55B99262C7F8364000D5E3D;
					};
				};
			};
			buildConfigurationList = A55B99222C7F8364000D5E3D /* Build configuration list for PBXProject "ST-AppleNews" */;
			compatibilityVersion = "Xcode 14.0";
			developmentRegion = en;
			hasScannedForEncodings = 0;
			knownRegions = (
				en,
				Base,
			);
			mainGroup = A55B991E2C7F8364000D5E3D;
			productRefGroup = A55B99282C7F8364000D5E3D /* Products */;
			projectDirPath = "";
			projectRoot = "";
			targets = (
				A55B99262C7F8364000D5E3D /* ST-AppleNews */,
				A55B993C2C7F8366000D5E3D /* ST-AppleNewsTests */,
				A55B99462C7F8366000D5E3D /* ST-AppleNewsUITests */,
			);
		};
/* End PBXProject section */

/* Begin PBXResourcesBuildPhase section */
		A55B99252C7F8364000D5E3D /* Resources */ = {
			isa = PBXResourcesBuildPhase;
			buildActionMask = 2147483647;
			files = (
				A55B99342C7F8366000D5E3D /* Assets.xcassets in Resources */,
				A55B99372C7F8366000D5E3D /* Base in Resources */,
				A55B99322C7F8364000D5E3D /* Base in Resources */,
			);
			runOnlyForDeploymentPostprocessing = 0;
		};
		A55B993B2C7F8366000D5E3D /* Resources */ = {
			isa = PBXResourcesBuildPhase;
			buildActionMask = 2147483647;
			files = (
			);
			runOnlyForDeploymentPostprocessing = 0;
		};
		A55B99452C7F8366000D5E3D /* Resources */ = {
			isa = PBXResourcesBuildPhase;
			buildActionMask = 2147483647;
			files = (
			);
			runOnlyForDeploymentPostprocessing = 0;
		};
/* End PBXResourcesBuildPhase section */

/* Begin PBXSourcesBuildPhase section */
		A55B99232C7F8364000D5E3D /* Sources */ = {
			isa = PBXSourcesBuildPhase;
			buildActionMask = 2147483647;
			files = (
				A55B992F2C7F8364000D5E3D /* ViewController.swift in Sources */,
				A55B992B2C7F8364000D5E3D /* AppDelegate.swift in Sources */,
				A55B992D2C7F8364000D5E3D /* SceneDelegate.swift in Sources */,
			);
			runOnlyForDeploymentPostprocessing = 0;
		};
		A55B99392C7F8366000D5E3D /* Sources */ = {
			isa = PBXSourcesBuildPhase;
			buildActionMask = 2147483647;
			files = (
				A55B99422C7F8366000D5E3D /* ST_AppleNewsTests.swift in Sources */,
			);
			runOnlyForDeploymentPostprocessing = 0;
		};
		A55B99432C7F8366000D5E3D /* Sources */ = {
			isa = PBXSourcesBuildPhase;
			buildActionMask = 2147483647;
			files = (
				A55B994C2C7F8366000D5E3D /* ST_AppleNewsUITests.swift in Sources */,
				A55B994E2C7F8366000D5E3D /* ST_AppleNewsUITestsLaunchTests.swift in Sources */,
			);
			runOnlyForDeploymentPostprocessing = 0;
		};
/* End PBXSourcesBuildPhase section */

/* Begin PBXTargetDependency section */
		A55B993F2C7F8366000D5E3D /* PBXTargetDependency */ = {
			isa = PBXTargetDependency;
			target = A55B99262C7F8364000D5E3D /* ST-AppleNews */;
			targetProxy = A55B993E2C7F8366000D5E3D /* PBXContainerItemProxy */;
		};
		A55B99492C7F8366000D5E3D /* PBXTargetDependency */ = {
			isa = PBXTargetDependency;
			target = A55B99262C7F8364000D5E3D /* ST-AppleNews */;
			targetProxy = A55B99482C7F8366000D5E3D /* PBXContainerItemProxy */;
		};
/* End PBXTargetDependency section */

/* Begin PBXVariantGroup section */
		A55B99302C7F8364000D5E3D /* Main.storyboard */ = {
			isa = PBXVariantGroup;
			children = (
				A55B99312C7F8364000D5E3D /* Base */,
			);
			name = Main.storyboard;
			sourceTree = "<group>";
		};
		A55B99352C7F8366000D5E3D /* LaunchScreen.storyboard */ = {
			isa = PBXVariantGroup;
			children = (
				A55B99362C7F8366000D5E3D /* Base */,
			);
			name = LaunchScreen.storyboard;
			sourceTree = "<group>";
		};
/* End PBXVariantGroup section */

/* Begin XCBuildConfiguration section */
		A55B994F2C7F8366000D5E3D /* Debug */ = {
			isa = XCBuildConfiguration;
			buildSettings = {
				ALWAYS_SEARCH_USER_PATHS = NO;
				ASSETCATALOG_COMPILER_GENERATE_SWIFT_ASSET_SYMBOL_EXTENSIONS = YES;
				CLANG_ANALYZER_NONNULL = YES;
				CLANG_ANALYZER_NUMBER_OBJECT_CONVERSION = YES_AGGRESSIVE;
				CLANG_CXX_LANGUAGE_STANDARD = "gnu++20";
				CLANG_ENABLE_MODULES = YES;
				CLANG_ENABLE_OBJC_ARC = YES;
				CLANG_ENABLE_OBJC_WEAK = YES;
				CLANG_WARN_BLOCK_CAPTURE_AUTORELEASING = YES;
				CLANG_WARN_BOOL_CONVERSION = YES;
				CLANG_WARN_COMMA = YES;
				CLANG_WARN_CONSTANT_CONVERSION = YES;
				CLANG_WARN_DEPRECATED_OBJC_IMPLEMENTATIONS = YES;
				CLANG_WARN_DIRECT_OBJC_ISA_USAGE = YES_ERROR;
				CLANG_WARN_DOCUMENTATION_COMMENTS = YES;
				CLANG_WARN_EMPTY_BODY = YES;
				CLANG_WARN_ENUM_CONVERSION = YES;
				CLANG_WARN_INFINITE_RECURSION = YES;
				CLANG_WARN_INT_CONVERSION = YES;
				CLANG_WARN_NON_LITERAL_NULL_CONVERSION = YES;
				CLANG_WARN_OBJC_IMPLICIT_RETAIN_SELF = YES;
				CLANG_WARN_OBJC_LITERAL_CONVERSION = YES;
				CLANG_WARN_OBJC_ROOT_CLASS = YES_ERROR;
				CLANG_WARN_QUOTED_INCLUDE_IN_FRAMEWORK_HEADER = YES;
				CLANG_WARN_RANGE_LOOP_ANALYSIS = YES;
				CLANG_WARN_STRICT_PROTOTYPES = YES;
				CLANG_WARN_SUSPICIOUS_MOVE = YES;
				CLANG_WARN_UNGUARDED_AVAILABILITY = YES_AGGRESSIVE;
				CLANG_WARN_UNREACHABLE_CODE = YES;
				CLANG_WARN__DUPLICATE_METHOD_MATCH = YES;
				COPY_PHASE_STRIP = NO;
				DEBUG_INFORMATION_FORMAT = dwarf;
				ENABLE_STRICT_OBJC_MSGSEND = YES;
				ENABLE_TESTABILITY = YES;
				ENABLE_USER_SCRIPT_SANDBOXING = YES;
				GCC_C_LANGUAGE_STANDARD = gnu17;
				GCC_DYNAMIC_NO_PIC = NO;
				GCC_NO_COMMON_BLOCKS = YES;
				GCC_OPTIMIZATION_LEVEL = 0;
				GCC_PREPROCESSOR_DEFINITIONS = (
					"DEBUG=1",
					"$(inherited)",
				);
				GCC_WARN_64_TO_32_BIT_CONVERSION = YES;
				GCC_WARN_ABOUT_RETURN_TYPE = YES_ERROR;
				GCC_WARN_UNDECLARED_SELECTOR = YES;
				GCC_WARN_UNINITIALIZED_AUTOS = YES_AGGRESSIVE;
				GCC_WARN_UNUSED_FUNCTION = YES;
				GCC_WARN_UNUSED_VARIABLE = YES;
				IPHONEOS_DEPLOYMENT_TARGET = 17.5;
				LOCALIZATION_PREFERS_STRING_CATALOGS = YES;
				MTL_ENABLE_DEBUG_INFO = INCLUDE_SOURCE;
				MTL_FAST_MATH = YES;
				ONLY_ACTIVE_ARCH = YES;
				SDKROOT = iphoneos;
				SWIFT_ACTIVE_COMPILATION_CONDITIONS = "DEBUG $(inherited)";
				SWIFT_OPTIMIZATION_LEVEL = "-Onone";
			};
			name = Debug;
		};
		A55B99502C7F8366000D5E3D /* Release */ = {
			isa = XCBuildConfiguration;
			buildSettings = {
				ALWAYS_SEARCH_USER_PATHS = NO;
				ASSETCATALOG_COMPILER_GENERATE_SWIFT_ASSET_SYMBOL_EXTENSIONS = YES;
				CLANG_ANALYZER_NONNULL = YES;
				CLANG_ANALYZER_NUMBER_OBJECT_CONVERSION = YES_AGGRESSIVE;
				CLANG_CXX_LANGUAGE_STANDARD = "gnu++20";
				CLANG_ENABLE_MODULES = YES;
				CLANG_ENABLE_OBJC_ARC = YES;
				CLANG_ENABLE_OBJC_WEAK = YES;
				CLANG_WARN_BLOCK_CAPTURE_AUTORELEASING = YES;
				CLANG_WARN_BOOL_CONVERSION = YES;
				CLANG_WARN_COMMA = YES;
				CLANG_WARN_CONSTANT_CONVERSION = YES;
				CLANG_WARN_DEPRECATED_OBJC_IMPLEMENTATIONS = YES;
				CLANG_WARN_DIRECT_OBJC_ISA_USAGE = YES_ERROR;
				CLANG_WARN_DOCUMENTATION_COMMENTS = YES;
				CLANG_WARN_EMPTY_BODY = YES;
				CLANG_WARN_ENUM_CONVERSION = YES;
				CLANG_WARN_INFINITE_RECURSION = YES;
				CLANG_WARN_INT_CONVERSION = YES;
				CLANG_WARN_NON_LITERAL_NULL_CONVERSION = YES;
				CLANG_WARN_OBJC_IMPLICIT_RETAIN_SELF = YES;
				CLANG_WARN_OBJC_LITERAL_CONVERSION = YES;
				CLANG_WARN_OBJC_ROOT_CLASS = YES_ERROR;
				CLANG_WARN_QUOTED_INCLUDE_IN_FRAMEWORK_HEADER = YES;
				CLANG_WARN_RANGE_LOOP_ANALYSIS = YES;
				CLANG_WARN_STRICT_PROTOTYPES = YES;
				CLANG_WARN_SUSPICIOUS_MOVE = YES;
				CLANG_WARN_UNGUARDED_AVAILABILITY = YES_AGGRESSIVE;
				CLANG_WARN_UNREACHABLE_CODE = YES;
				CLANG_WARN__DUPLICATE_METHOD_MATCH = YES;
				COPY_PHASE_STRIP = NO;
				DEBUG_INFORMATION_FORMAT = "dwarf-with-dsym";
				ENABLE_NS_ASSERTIONS = NO;
				ENABLE_STRICT_OBJC_MSGSEND = YES;
				ENABLE_USER_SCRIPT_SANDBOXING = YES;
				GCC_C_LANGUAGE_STANDARD = gnu17;
				GCC_NO_COMMON_BLOCKS = YES;
				GCC_WARN_64_TO_32_BIT_CONVERSION = YES;
				GCC_WARN_ABOUT_RETURN_TYPE = YES_ERROR;
				GCC_WARN_UNDECLARED_SELECTOR = YES;
				GCC_WARN_UNINITIALIZED_AUTOS = YES_AGGRESSIVE;
				GCC_WARN_UNUSED_FUNCTION = YES;
				GCC_WARN_UNUSED_VARIABLE = YES;
				IPHONEOS_DEPLOYMENT_TARGET = 17.5;
				LOCALIZATION_PREFERS_STRING_CATALOGS = YES;
				MTL_ENABLE_DEBUG_INFO = NO;
				MTL_FAST_MATH = YES;
				SDKROOT = iphoneos;
				SWIFT_COMPILATION_MODE = wholemodule;
				VALIDATE_PRODUCT = YES;
			};
			name = Release;
		};
		A55B99522C7F8366000D5E3D /* Debug */ = {
			isa = XCBuildConfiguration;
			buildSettings = {
				ASSETCATALOG_COMPILER_APPICON_NAME = AppIcon;
				ASSETCATALOG_COMPILER_GLOBAL_ACCENT_COLOR_NAME = AccentColor;
				CODE_SIGN_STYLE = Automatic;
				CURRENT_PROJECT_VERSION = 1;
				GENERATE_INFOPLIST_FILE = YES;
				INFOPLIST_FILE = "ST-AppleNews/Info.plist";
				INFOPLIST_KEY_UIApplicationSupportsIndirectInputEvents = YES;
				INFOPLIST_KEY_UILaunchStoryboardName = LaunchScreen;
				INFOPLIST_KEY_UIMainStoryboardFile = Main;
				INFOPLIST_KEY_UISupportedInterfaceOrientations_iPad = "UIInterfaceOrientationPortrait UIInterfaceOrientationPortraitUpsideDown UIInterfaceOrientationLandscapeLeft UIInterfaceOrientationLandscapeRight";
				INFOPLIST_KEY_UISupportedInterfaceOrientations_iPhone = "UIInterfaceOrientationPortrait UIInterfaceOrientationLandscapeLeft UIInterfaceOrientationLandscapeRight";
				LD_RUNPATH_SEARCH_PATHS = (
					"$(inherited)",
					"@executable_path/Frameworks",
				);
				MARKETING_VERSION = 1.0;
				PRODUCT_BUNDLE_IDENTIFIER = "com.ST-AppleNews";
				PRODUCT_NAME = "$(TARGET_NAME)";
				SWIFT_EMIT_LOC_STRINGS = YES;
				SWIFT_VERSION = 5.0;
				TARGETED_DEVICE_FAMILY = "1,2";
			};
			name = Debug;
		};
		A55B99532C7F8366000D5E3D /* Release */ = {
			isa = XCBuildConfiguration;
			buildSettings = {
				ASSETCATALOG_COMPILER_APPICON_NAME = AppIcon;
				ASSETCATALOG_COMPILER_GLOBAL_ACCENT_COLOR_NAME = AccentColor;
				CODE_SIGN_STYLE = Automatic;
				CURRENT_PROJECT_VERSION = 1;
				GENERATE_INFOPLIST_FILE = YES;
				INFOPLIST_FILE = "ST-AppleNews/Info.plist";
				INFOPLIST_KEY_UIApplicationSupportsIndirectInputEvents = YES;
				INFOPLIST_KEY_UILaunchStoryboardName = LaunchScreen;
				INFOPLIST_KEY_UIMainStoryboardFile = Main;
				INFOPLIST_KEY_UISupportedInterfaceOrientations_iPad = "UIInterfaceOrientationPortrait UIInterfaceOrientationPortraitUpsideDown UIInterfaceOrientationLandscapeLeft UIInterfaceOrientationLandscapeRight";
				INFOPLIST_KEY_UISupportedInterfaceOrientations_iPhone = "UIInterfaceOrientationPortrait UIInterfaceOrientationLandscapeLeft UIInterfaceOrientationLandscapeRight";
				LD_RUNPATH_SEARCH_PATHS = (
					"$(inherited)",
					"@executable_path/Frameworks",
				);
				MARKETING_VERSION = 1.0;
				PRODUCT_BUNDLE_IDENTIFIER = "com.ST-AppleNews";
				PRODUCT_NAME = "$(TARGET_NAME)";
				SWIFT_EMIT_LOC_STRINGS = YES;
				SWIFT_VERSION = 5.0;
				TARGETED_DEVICE_FAMILY = "1,2";
			};
			name = Release;
		};
		A55B99552C7F8366000D5E3D /* Debug */ = {
			isa = XCBuildConfiguration;
			buildSettings = {
				ALWAYS_EMBED_SWIFT_STANDARD_LIBRARIES = YES;
				BUNDLE_LOADER = "$(TEST_HOST)";
				CODE_SIGN_STYLE = Automatic;
				CURRENT_PROJECT_VERSION = 1;
				GENERATE_INFOPLIST_FILE = YES;
				IPHONEOS_DEPLOYMENT_TARGET = 17.5;
				MARKETING_VERSION = 1.0;
				PRODUCT_BUNDLE_IDENTIFIER = "com.ST-AppleNewsTests";
				PRODUCT_NAME = "$(TARGET_NAME)";
				SWIFT_EMIT_LOC_STRINGS = NO;
				SWIFT_VERSION = 5.0;
				TARGETED_DEVICE_FAMILY = "1,2";
				TEST_HOST = "$(BUILT_PRODUCTS_DIR)/ST-AppleNews.app/$(BUNDLE_EXECUTABLE_FOLDER_PATH)/ST-AppleNews";
			};
			name = Debug;
		};
		A55B99562C7F8366000D5E3D /* Release */ = {
			isa = XCBuildConfiguration;
			buildSettings = {
				ALWAYS_EMBED_SWIFT_STANDARD_LIBRARIES = YES;
				BUNDLE_LOADER = "$(TEST_HOST)";
				CODE_SIGN_STYLE = Automatic;
				CURRENT_PROJECT_VERSION = 1;
				GENERATE_INFOPLIST_FILE = YES;
				IPHONEOS_DEPLOYMENT_TARGET = 17.5;
				MARKETING_VERSION = 1.0;
				PRODUCT_BUNDLE_IDENTIFIER = "com.ST-AppleNewsTests";
				PRODUCT_NAME = "$(TARGET_NAME)";
				SWIFT_EMIT_LOC_STRINGS = NO;
				SWIFT_VERSION = 5.0;
				TARGETED_DEVICE_FAMILY = "1,2";
				TEST_HOST = "$(BUILT_PRODUCTS_DIR)/ST-AppleNews.app/$(BUNDLE_EXECUTABLE_FOLDER_PATH)/ST-AppleNews";
			};
			name = Release;
		};
		A55B99582C7F8366000D5E3D /* Debug */ = {
			isa = XCBuildConfiguration;
			buildSettings = {
				ALWAYS_EMBED_SWIFT_STANDARD_LIBRARIES = YES;
				CODE_SIGN_STYLE = Automatic;
				CURRENT_PROJECT_VERSION = 1;
				GENERATE_INFOPLIST_FILE = YES;
				MARKETING_VERSION = 1.0;
				PRODUCT_BUNDLE_IDENTIFIER = "com.ST-AppleNewsUITests";
				PRODUCT_NAME = "$(TARGET_NAME)";
				SWIFT_EMIT_LOC_STRINGS = NO;
				SWIFT_VERSION = 5.0;
				TARGETED_DEVICE_FAMILY = "1,2";
				TEST_TARGET_NAME = "ST-AppleNews";
			};
			name = Debug;
		};
		A55B99592C7F8366000D5E3D /* Release */ = {
			isa = XCBuildConfiguration;
			buildSettings = {
				ALWAYS_EMBED_SWIFT_STANDARD_LIBRARIES = YES;
				CODE_SIGN_STYLE = Automatic;
				CURRENT_PROJECT_VERSION = 1;
				GENERATE_INFOPLIST_FILE = YES;
				MARKETING_VERSION = 1.0;
				PRODUCT_BUNDLE_IDENTIFIER = "com.ST-AppleNewsUITests";
				PRODUCT_NAME = "$(TARGET_NAME)";
				SWIFT_EMIT_LOC_STRINGS = NO;
				SWIFT_VERSION = 5.0;
				TARGETED_DEVICE_FAMILY = "1,2";
				TEST_TARGET_NAME = "ST-AppleNews";
			};
			name = Release;
		};
/* End XCBuildConfiguration section */

/* Begin XCConfigurationList section */
		A55B99222C7F8364000D5E3D /* Build configuration list for PBXProject "ST-AppleNews" */ = {
			isa = XCConfigurationList;
			buildConfigurations = (
				A55B994F2C7F8366000D5E3D /* Debug */,
				A55B99502C7F8366000D5E3D /* Release */,
			);
			defaultConfigurationIsVisible = 0;
			defaultConfigurationName = Release;
		};
		A55B99512C7F8366000D5E3D /* Build configuration list for PBXNativeTarget "ST-AppleNews" */ = {
			isa = XCConfigurationList;
			buildConfigurations = (
				A55B99522C7F8366000D5E3D /* Debug */,
				A55B99532C7F8366000D5E3D /* Release */,
			);
			defaultConfigurationIsVisible = 0;
			defaultConfigurationName = Release;
		};
		A55B99542C7F8366000D5E3D /* Build configuration list for PBXNativeTarget "ST-AppleNewsTests" */ = {
			isa = XCConfigurationList;
			buildConfigurations = (
				A55B99552C7F8366000D5E3D /* Debug */,
				A55B99562C7F8366000D5E3D /* Release */,
			);
			defaultConfigurationIsVisible = 0;
			defaultConfigurationName = Release;
		};
		A55B99572C7F8366000D5E3D /* Build configuration list for PBXNativeTarget "ST-AppleNewsUITests" */ = {
			isa = XCConfigurationList;
			buildConfigurations = (
				A55B99582C7F8366000D5E3D /* Debug */,
				A55B99592C7F8366000D5E3D /* Release */,
			);
			defaultConfigurationIsVisible = 0;
			defaultConfigurationName = Release;
		};
/* End XCConfigurationList section */
	};
	rootObject = A55B991F2C7F8364000D5E3D /* Project object */;
}
